
Microsoft Visual Studio Solution File, Format Version 12.00
# Visual Studio Version 17
VisualStudioVersion = 17.4.33103.184
MinimumVisualStudioVersion = 10.0.40219.1
Project("{9A19103F-16F7-4668-BE54-9A1E7A4F7556}") = "mini选课习题", "WinFormsApp1\mini选课习题.csproj", "{FEC447F0-E268-4F7D-9333-4756231A3B43}"
EndProject
Global
	GlobalSection(SolutionConfigurationPlatforms) = preSolution
		Debug|Any CPU = Debug|Any CPU
		Release|Any CPU = Release|Any CPU
	EndGlobalSection
	GlobalSection(ProjectConfigurationPlatforms) = postSolution
		{FEC447F0-E268-4F7D-9333-4756231A3B43}.Debug|Any CPU.ActiveCfg = Debug|Any CPU
		{FEC447F0-E268-4F7D-9333-4756231A3B43}.Debug|Any CPU.Build.0 = Debug|Any CPU
		{FEC447F0-E268-4F7D-9333-4756231A3B43}.Release|Any CPU.ActiveCfg = Release|Any CPU
		{FEC447F0-E268-4F7D-9333-4756231A3B43}.Release|Any CPU.Build.0 = Release|Any CPU
	EndGlobalSection
	GlobalSection(SolutionProperties) = preSolution
		HideSolutionNode = FALSE
	EndGlobalSection
	GlobalSection(ExtensibilityGlobals) = postSolution
		SolutionGuid = {D2563F72-400D-48D1-B6E7-570AF3D8C1AC}
	EndGlobalSection
EndGlobal
